
Microsoft Visual Studio Solution File, Format Version 12.00
Project("{FAE04EC0-301F-11D3-BF4B-00C04F79EFBC}") = "Graphite", "src\Graphite\Graphite.csproj", "{85A77956-41C5-4461-924E-3C1F1AE80AA7}"
EndProject
Project("{FAE04EC0-301F-11D3-BF4B-00C04F79EFBC}") = "Graphite.Core", "src\Graphite.Core\Graphite.Core.csproj", "{E33F538D-849C-42F9-805B-B9DAB159AC20}"
EndProject
Project("{2150E333-8FDC-42A3-9474-1A3956D46DE8}") = "tests", "tests", "{0802471C-F455-4B4B-A50C-93EB36406339}"
EndProject
Project("{FAE04EC0-301F-11D3-BF4B-00C04F79EFBC}") = "Graphite.SimpleTest", "tests\Graphite.SimpleTest\Graphite.SimpleTest.csproj", "{7E5E2B62-B479-4BD2-A8E9-3974FE6A3C76}"
EndProject
Project("{FAE04EC0-301F-11D3-BF4B-00C04F79EFBC}") = "Graphite.VulkanMemoryAllocator", "src\Graphite.VulkanMemoryAllocator\Graphite.VulkanMemoryAllocator.csproj", "{22C1BA78-BCF7-422D-A1EC-E0BEFB729476}"
EndProject
Project("{FAE04EC0-301F-11D3-BF4B-00C04F79EFBC}") = "Graphite.ShaderTools", "src\Graphite.ShaderTools\Graphite.ShaderTools.csproj", "{38E44346-2B92-475C-8DBE-C4A03F83F913}"
EndProject
Project("{FAE04EC0-301F-11D3-BF4B-00C04F79EFBC}") = "Graphite.Vulkan", "src\Graphite.Vulkan\Graphite.Vulkan.csproj", "{733F2CC1-FEED-4E49-A9F3-FB9D2162EFD2}"
EndProject
Project("{FAE04EC0-301F-11D3-BF4B-00C04F79EFBC}") = "Graphite.D3D11", "src\Graphite.D3D11\Graphite.D3D11.csproj", "{4DEE157C-DDCE-4133-A562-4C869765A07F}"
EndProject
Global
	GlobalSection(SolutionConfigurationPlatforms) = preSolution
		Debug|Any CPU = Debug|Any CPU
		Release|Any CPU = Release|Any CPU
	EndGlobalSection
	GlobalSection(ProjectConfigurationPlatforms) = postSolution
		{85A77956-41C5-4461-924E-3C1F1AE80AA7}.Debug|Any CPU.ActiveCfg = Debug|Any CPU
		{85A77956-41C5-4461-924E-3C1F1AE80AA7}.Debug|Any CPU.Build.0 = Debug|Any CPU
		{85A77956-41C5-4461-924E-3C1F1AE80AA7}.Release|Any CPU.ActiveCfg = Release|Any CPU
		{85A77956-41C5-4461-924E-3C1F1AE80AA7}.Release|Any CPU.Build.0 = Release|Any CPU
		{E33F538D-849C-42F9-805B-B9DAB159AC20}.Debug|Any CPU.ActiveCfg = Debug|Any CPU
		{E33F538D-849C-42F9-805B-B9DAB159AC20}.Debug|Any CPU.Build.0 = Debug|Any CPU
		{E33F538D-849C-42F9-805B-B9DAB159AC20}.Release|Any CPU.ActiveCfg = Release|Any CPU
		{E33F538D-849C-42F9-805B-B9DAB159AC20}.Release|Any CPU.Build.0 = Release|Any CPU
		{7E5E2B62-B479-4BD2-A8E9-3974FE6A3C76}.Debug|Any CPU.ActiveCfg = Debug|Any CPU
		{7E5E2B62-B479-4BD2-A8E9-3974FE6A3C76}.Debug|Any CPU.Build.0 = Debug|Any CPU
		{7E5E2B62-B479-4BD2-A8E9-3974FE6A3C76}.Release|Any CPU.ActiveCfg = Release|Any CPU
		{7E5E2B62-B479-4BD2-A8E9-3974FE6A3C76}.Release|Any CPU.Build.0 = Release|Any CPU
		{22C1BA78-BCF7-422D-A1EC-E0BEFB729476}.Debug|Any CPU.ActiveCfg = Debug|Any CPU
		{22C1BA78-BCF7-422D-A1EC-E0BEFB729476}.Debug|Any CPU.Build.0 = Debug|Any CPU
		{22C1BA78-BCF7-422D-A1EC-E0BEFB729476}.Release|Any CPU.ActiveCfg = Release|Any CPU
		{22C1BA78-BCF7-422D-A1EC-E0BEFB729476}.Release|Any CPU.Build.0 = Release|Any CPU
		{38E44346-2B92-475C-8DBE-C4A03F83F913}.Debug|Any CPU.ActiveCfg = Debug|Any CPU
		{38E44346-2B92-475C-8DBE-C4A03F83F913}.Debug|Any CPU.Build.0 = Debug|Any CPU
		{38E44346-2B92-475C-8DBE-C4A03F83F913}.Release|Any CPU.ActiveCfg = Release|Any CPU
		{38E44346-2B92-475C-8DBE-C4A03F83F913}.Release|Any CPU.Build.0 = Release|Any CPU
		{733F2CC1-FEED-4E49-A9F3-FB9D2162EFD2}.Debug|Any CPU.ActiveCfg = Debug|Any CPU
		{733F2CC1-FEED-4E49-A9F3-FB9D2162EFD2}.Debug|Any CPU.Build.0 = Debug|Any CPU
		{733F2CC1-FEED-4E49-A9F3-FB9D2162EFD2}.Release|Any CPU.ActiveCfg = Release|Any CPU
		{733F2CC1-FEED-4E49-A9F3-FB9D2162EFD2}.Release|Any CPU.Build.0 = Release|Any CPU
		{4DEE157C-DDCE-4133-A562-4C869765A07F}.Debug|Any CPU.ActiveCfg = Debug|Any CPU
		{4DEE157C-DDCE-4133-A562-4C869765A07F}.Debug|Any CPU.Build.0 = Debug|Any CPU
		{4DEE157C-DDCE-4133-A562-4C869765A07F}.Release|Any CPU.ActiveCfg = Release|Any CPU
		{4DEE157C-DDCE-4133-A562-4C869765A07F}.Release|Any CPU.Build.0 = Release|Any CPU
	EndGlobalSection
	GlobalSection(NestedProjects) = preSolution
		{7E5E2B62-B479-4BD2-A8E9-3974FE6A3C76} = {0802471C-F455-4B4B-A50C-93EB36406339}
	EndGlobalSection
EndGlobal
